<?xml version="1.0" encoding="utf-8"?>
<Project ToolsVersion="4.0" xmlns="http://schemas.microsoft.com/developer/msbuild/2003">
  <ItemGroup>
    <Filter Include="Source Files">
      <UniqueIdentifier>{4FC737F1-C7A5-4376-A066-2A32D752A2FF}</UniqueIdentifier>
      <Extensions>cpp;c;cc;cxx;c++;cppm;ixx;def;odl;idl;hpj;bat;asm;asmx</Extensions>
    </Filter>
    <Filter Include="Header Files">
      <UniqueIdentifier>{93995380-89BD-4b04-88EB-625FBE52EBFB}</UniqueIdentifier>
      <Extensions>h;hh;hpp;hxx;h++;hm;inl;inc;ipp;xsd</Extensions>
    </Filter>
    <Filter Include="Resource Files">
      <UniqueIdentifier>{67DA6AB6-F800-4c08-8B7A-83BB121AAD01}</UniqueIdentifier>
      <Extensions>rc;ico;cur;bmp;dlg;rc2;rct;bin;rgs;gif;jpg;jpeg;jpe;resx;tiff;tif;png;wav;mfcribbon-ms</Extensions>
    </Filter>
  </ItemGroup>
  <ItemGroup>
    <None Include="Assets\earth\Earth.mtl">
      <Filter>Header Files</Filter>
    </None>
    <None Include="Shaders\phong_vertex.shader">
      <Filter>Header Files</Filter>
    </None>
    <None Include="Shaders\skybox_fragment.shader">
      <Filter>Header Files</Filter>
    </None>
    <None Include="Shaders\skybox_vertex.shader">
      <Filter>Header Files</Filter>
    </None>
    <None Include="Shaders\phong_directional_fragment.shader">
      <Filter>Header Files</Filter>
    </None>
    <None Include="Shaders\phong_fragment.shader">
      <Filter>Header Files</Filter>
    </None>
    <None Include="packages.config" />
    <None Include="Assets\building\barangay.mtl" />
    <None Include="Assets\backpack\backpack.mtl" />
    <None Include="Assets\crate\crate1.mtl" />
    <None Include="Assets\plane\plane.mtl" />
    <None Include="Debug\Creencia.57d6d6d7.tlog\CL.command.1.tlog" />
    <None Include="Debug\Creencia.57d6d6d7.tlog\CL.read.1.tlog" />
    <None Include="Debug\Creencia.57d6d6d7.tlog\CL.write.1.tlog" />
    <None Include="Debug\Creencia.57d6d6d7.tlog\Creencia_Alain_GDGRAPHX.lastbuildstate" />
    <None Include="Debug\Creencia.57d6d6d7.tlog\link.command.1.tlog" />
    <None Include="Debug\Creencia.57d6d6d7.tlog\link.read.1.tlog" />
    <None Include="Debug\Creencia.57d6d6d7.tlog\link.write.1.tlog" />
    <None Include="Debug\Creencia_Alain_GDGRAPHX.exe.recipe" />
    <None Include="Debug\Creencia_Alain_GDGRAPHX.ilk" />
    <None Include="Debug\vc142.idb" />
    <None Include="Debug\vc142.pdb" />
    <None Include="Shaders\fragment.shader" />
    <None Include="Shaders\vertex.shader" />
    <None Include="Shaders\phong_normal_fragment.shader" />
  </ItemGroup>
  <ItemGroup>
    <ClCompile Include="Source.cpp">
      <Filter>Source Files</Filter>
    </ClCompile>
    <ClCompile Include="Classes\cameraMovement.cpp">
      <Filter>Source Files</Filter>
    </ClCompile>
  </ItemGroup>
  <ItemGroup>
    <ClInclude Include="skybox.h">
      <Filter>Header Files</Filter>
    </ClInclude>
    <ClInclude Include="tiny_obj_loader.h">
      <Filter>Header Files</Filter>
    </ClInclude>
    <ClInclude Include="stb_image.h">
      <Filter>Header Files</Filter>
    </ClInclude>
    <ClInclude Include="obj_mesh.h">
      <Filter>Header Files</Filter>
    </ClInclude>
    <ClInclude Include="shader.h">
      <Filter>Header Files</Filter>
    </ClInclude>
    <ClInclude Include="Classes\cameraMovement.h">
      <Filter>Header Files</Filter>
    </ClInclude>
    <ClInclude Include="main.h">
      <Filter>Header Files</Filter>
    </ClInclude>
  </ItemGroup>
  <ItemGroup>
    <Object Include="Debug\Source.obj" />
  </ItemGroup>
  <ItemGroup>
    <Image Include="Assets\earth\Earth.tga" />
    <Image Include="Assets\earth\Moon.tga" />
    <Image Include="Assets\earth\Sun.tga" />
    <Image Include="Assets\skybox\back.png">
      <Filter>Resource Files</Filter>
    </Image>
    <Image Include="Assets\skybox\bottom.png">
      <Filter>Resource Files</Filter>
    </Image>
    <Image Include="Assets\skybox\front.png">
      <Filter>Resource Files</Filter>
    </Image>
    <Image Include="Assets\skybox\left.png">
      <Filter>Resource Files</Filter>
    </Image>
    <Image Include="Assets\skybox\right.png">
      <Filter>Resource Files</Filter>
    </Image>
    <Image Include="Assets\skybox\top.png">
      <Filter>Resource Files</Filter>
    </Image>
    <Image Include="Assets\building\building 01_c.tga" />
    <Image Include="Assets\building\building 06_ c .tga" />
    <Image Include="Assets\building\building 06_ c.tga" />
    <Image Include="Assets\building\building_016_c.tga" />
    <Image Include="Assets\building\building_025_c.tga" />
    <Image Include="Assets\building\Building_V01_C.png">
      <Filter>Resource Files</Filter>
    </Image>
    <Image Include="Assets\building\Building_V02_C.png">
      <Filter>Resource Files</Filter>
    </Image>
    <Image Include="Assets\building\building03_c.tga" />
    <Image Include="Assets\building\building05 _c.tga" />
    <Image Include="Assets\backpack\diffuse.jpg">
      <Filter>Resource Files</Filter>
    </Image>
    <Image Include="Assets\crate\T_crate1_D.tga" />
    <Image Include="Assets\crate\T_crate1_N.tga" />
    <Image Include="Assets\crate\T_crate1_S.tga" />
    <Image Include="Assets\plane\T_crate1_D.tga" />
  </ItemGroup>
  <ItemGroup>
    <Text Include="Debug\Creencia_Alain_GDGRAPHX.vcxproj.FileListAbsolute.txt" />
  </ItemGroup>
</Project>